// !$*UTF8*$!
{
	archiveVersion = 1;
	classes = {
	};
	objectVersion = 50;
	objects = {

/* Begin PBXBuildFile section */
		3FB2C35521D67447009C93E3 /* AppDelegate.swift in Sources */ = {isa = PBXBuildFile; fileRef = 3FB2C35421D67447009C93E3 /* AppDelegate.swift */; };
		3FB2C35721D67447009C93E3 /* ViewController.swift in Sources */ = {isa = PBXBuildFile; fileRef = 3FB2C35621D67447009C93E3 /* ViewController.swift */; };
		3FB2C35A21D67447009C93E3 /* Main.storyboard in Resources */ = {isa = PBXBuildFile; fileRef = 3FB2C35821D67447009C93E3 /* Main.storyboard */; };
		3FB2C35C21D67448009C93E3 /* Assets.xcassets in Resources */ = {isa = PBXBuildFile; fileRef = 3FB2C35B21D67448009C93E3 /* Assets.xcassets */; };
		3FB2C35F21D67448009C93E3 /* LaunchScreen.storyboard in Resources */ = {isa = PBXBuildFile; fileRef = 3FB2C35D21D67448009C93E3 /* LaunchScreen.storyboard */; };
		3FB2C36921D68389009C93E3 /* MobileNet.mlmodel in Sources */ = {isa = PBXBuildFile; fileRef = 3FB2C36721D68389009C93E3 /* MobileNet.mlmodel */; };
		3FB2C36A21D68389009C93E3 /* Inceptionv3.mlmodel in Sources */ = {isa = PBXBuildFile; fileRef = 3FB2C36821D68389009C93E3 /* Inceptionv3.mlmodel */; };
		3FB2C36C21D68568009C93E3 /* StatusViewController.swift in Sources */ = {isa = PBXBuildFile; fileRef = 3FB2C36B21D68568009C93E3 /* StatusViewController.swift */; };
		3FB2C36E21D685B4009C93E3 /* Extensions.swift in Sources */ = {isa = PBXBuildFile; fileRef = 3FB2C36D21D685B4009C93E3 /* Extensions.swift */; };
		3FB2C37021D6862A009C93E3 /* TemplateLabelNode.swift in Sources */ = {isa = PBXBuildFile; fileRef = 3FB2C36F21D6862A009C93E3 /* TemplateLabelNode.swift */; };
		3FB2C37221D68680009C93E3 /* LabelScene.sks in Resources */ = {isa = PBXBuildFile; fileRef = 3FB2C37121D68680009C93E3 /* LabelScene.sks */; };
/* End PBXBuildFile section */

/* Begin PBXFileReference section */
		3FB2C35121D67447009C93E3 /* CoreML-with-ARkit.app */ = {isa = PBXFileReference; explicitFileType = wrapper.application; includeInIndex = 0; path = "CoreML-with-ARkit.app"; sourceTree = BUILT_PRODUCTS_DIR; };
		3FB2C35421D67447009C93E3 /* AppDelegate.swift */ = {isa = PBXFileReference; lastKnownFileType = sourcecode.swift; path = AppDelegate.swift; sourceTree = "<group>"; };
		3FB2C35621D67447009C93E3 /* ViewController.swift */ = {isa = PBXFileReference; lastKnownFileType = sourcecode.swift; path = ViewController.swift; sourceTree = "<group>"; };
		3FB2C35921D67447009C93E3 /* Base */ = {isa = PBXFileReference; lastKnownFileType = file.storyboard; name = Base; path = Base.lproj/Main.storyboard; sourceTree = "<group>"; };
		3FB2C35B21D67448009C93E3 /* Assets.xcassets */ = {isa = PBXFileReference; lastKnownFileType = folder.assetcatalog; path = Assets.xcassets; sourceTree = "<group>"; };
		3FB2C35E21D67448009C93E3 /* Base */ = {isa = PBXFileReference; lastKnownFileType = file.storyboard; name = Base; path = Base.lproj/LaunchScreen.storyboard; sourceTree = "<group>"; };
		3FB2C36021D67448009C93E3 /* Info.plist */ = {isa = PBXFileReference; lastKnownFileType = text.plist.xml; path = Info.plist; sourceTree = "<group>"; };
		3FB2C36721D68389009C93E3 /* MobileNet.mlmodel */ = {isa = PBXFileReference; lastKnownFileType = file.mlmodel; path = MobileNet.mlmodel; sourceTree = "<group>"; };
		3FB2C36821D68389009C93E3 /* Inceptionv3.mlmodel */ = {isa = PBXFileReference; lastKnownFileType = file.mlmodel; path = Inceptionv3.mlmodel; sourceTree = "<group>"; };
		3FB2C36B21D68568009C93E3 /* StatusViewController.swift */ = {isa = PBXFileReference; lastKnownFileType = sourcecode.swift; path = StatusViewController.swift; sourceTree = "<group>"; };
		3FB2C36D21D685B4009C93E3 /* Extensions.swift */ = {isa = PBXFileReference; lastKnownFileType = sourcecode.swift; path = Extensions.swift; sourceTree = "<group>"; };
		3FB2C36F21D6862A009C93E3 /* TemplateLabelNode.swift */ = {isa = PBXFileReference; lastKnownFileType = sourcecode.swift; path = TemplateLabelNode.swift; sourceTree = "<group>"; };
		3FB2C37121D68680009C93E3 /* LabelScene.sks */ = {isa = PBXFileReference; lastKnownFileType = file.sks; path = LabelScene.sks; sourceTree = "<group>"; };
/* End PBXFileReference section */

/* Begin PBXFrameworksBuildPhase section */
		3FB2C34E21D67447009C93E3 /* Frameworks */ = {
			isa = PBXFrameworksBuildPhase;
			buildActionMask = 2147483647;
			files = (
			);
			runOnlyForDeploymentPostprocessing = 0;
		};
/* End PBXFrameworksBuildPhase section */

/* Begin PBXGroup section */
		3FB2C34821D67447009C93E3 = {
			isa = PBXGroup;
			children = (
				3FB2C35321D67447009C93E3 /* CoreML-with-ARkit */,
				3FB2C35221D67447009C93E3 /* Products */,
			);
			sourceTree = "<group>";
		};
		3FB2C35221D67447009C93E3 /* Products */ = {
			isa = PBXGroup;
			children = (
				3FB2C35121D67447009C93E3 /* CoreML-with-ARkit.app */,
			);
			name = Products;
			sourceTree = "<group>";
		};
		3FB2C35321D67447009C93E3 /* CoreML-with-ARkit */ = {
			isa = PBXGroup;
			children = (
				3FB2C35421D67447009C93E3 /* AppDelegate.swift */,
				3FB2C35B21D67448009C93E3 /* Assets.xcassets */,
				3FB2C36D21D685B4009C93E3 /* Extensions.swift */,
				3FB2C36021D67448009C93E3 /* Info.plist */,
				3FB2C37121D68680009C93E3 /* LabelScene.sks */,
				3FB2C35D21D67448009C93E3 /* LaunchScreen.storyboard */,
				3FB2C35821D67447009C93E3 /* Main.storyboard */,
				3FB2C36621D68389009C93E3 /* mimodel */,
				3FB2C36B21D68568009C93E3 /* StatusViewController.swift */,
				3FB2C36F21D6862A009C93E3 /* TemplateLabelNode.swift */,
				3FB2C35621D67447009C93E3 /* ViewController.swift */,
			);
			path = "CoreML-with-ARkit";
			sourceTree = "<group>";
		};
		3FB2C36621D68389009C93E3 /* mimodel */ = {
			isa = PBXGroup;
			children = (
				3FB2C36721D68389009C93E3 /* MobileNet.mlmodel */,
				3FB2C36821D68389009C93E3 /* Inceptionv3.mlmodel */,
			);
			path = mimodel;
			sourceTree = "<group>";
		};
/* End PBXGroup section */

/* Begin PBXNativeTarget section */
		3FB2C35021D67447009C93E3 /* CoreML-with-ARkit */ = {
			isa = PBXNativeTarget;
			buildConfigurationList = 3FB2C36321D67448009C93E3 /* Build configuration list for PBXNativeTarget "CoreML-with-ARkit" */;
			buildPhases = (
				3FB2C34D21D67447009C93E3 /* Sources */,
				3FB2C34E21D67447009C93E3 /* Frameworks */,
				3FB2C34F21D67447009C93E3 /* Resources */,
			);
			buildRules = (
			);
			dependencies = (
			);
			name = "CoreML-with-ARkit";
			productName = "CoreML-with-ARkit";
			productReference = 3FB2C35121D67447009C93E3 /* CoreML-with-ARkit.app */;
			productType = "com.apple.product-type.application";
		};
/* End PBXNativeTarget section */

/* Begin PBXProject section */
		3FB2C34921D67447009C93E3 /* Project object */ = {
			isa = PBXProject;
			attributes = {
				LastSwiftUpdateCheck = 1010;
				LastUpgradeCheck = 1010;
				ORGANIZATIONNAME = keyfun;
				TargetAttributes = {
					3FB2C35021D67447009C93E3 = {
						CreatedOnToolsVersion = 10.1;
					};
				};
			};
			buildConfigurationList = 3FB2C34C21D67447009C93E3 /* Build configuration list for PBXProject "CoreML-with-ARkit" */;
			compatibilityVersion = "Xcode 9.3";
			developmentRegion = en;
			hasScannedForEncodings = 0;
			knownRegions = (
				en,
				Base,
			);
			mainGroup = 3FB2C34821D67447009C93E3;
			productRefGroup = 3FB2C35221D67447009C93E3 /* Products */;
			projectDirPath = "";
			projectRoot = "";
			targets = (
				3FB2C35021D67447009C93E3 /* CoreML-with-ARkit */,
			);
		};
/* End PBXProject section */

/* Begin PBXResourcesBuildPhase section */
		3FB2C34F21D67447009C93E3 /* Resources */ = {
			isa = PBXResourcesBuildPhase;
			buildActionMask = 2147483647;
			files = (
				3FB2C35F21D67448009C93E3 /* LaunchScreen.storyboard in Resources */,
				3FB2C35C21D67448009C93E3 /* Assets.xcassets in Resources */,
				3FB2C35A21D67447009C93E3 /* Main.storyboard in Resources */,
				3FB2C37221D68680009C93E3 /* LabelScene.sks in Resources */,
			);
			runOnlyForDeploymentPostprocessing = 0;
		};
/* End PBXResourcesBuildPhase section */

/* Begin PBXSourcesBuildPhase section */
		3FB2C34D21D67447009C93E3 /* Sources */ = {
			isa = PBXSourcesBuildPhase;
			buildActionMask = 2147483647;
			files = (
				3FB2C35721D67447009C93E3 /* ViewController.swift in Sources */,
				3FB2C37021D6862A009C93E3 /* TemplateLabelNode.swift in Sources */,
				3FB2C36E21D685B4009C93E3 /* Extensions.swift in Sources */,
				3FB2C36A21D68389009C93E3 /* Inceptionv3.mlmodel in Sources */,
				3FB2C35521D67447009C93E3 /* AppDelegate.swift in Sources */,
				3FB2C36921D68389009C93E3 /* MobileNet.mlmodel in Sources */,
				3FB2C36C21D68568009C93E3 /* StatusViewController.swift in Sources */,
			);
			runOnlyForDeploymentPostprocessing = 0;
		};
/* End PBXSourcesBuildPhase section */

/* Begin PBXVariantGroup section */
		3FB2C35821D67447009C93E3 /* Main.storyboard */ = {
			isa = PBXVariantGroup;
			children = (
				3FB2C35921D67447009C93E3 /* Base */,
			);
			name = Main.storyboard;
			sourceTree = "<group>";
		};
		3FB2C35D21D67448009C93E3 /* LaunchScreen.storyboard */ = {
			isa = PBXVariantGroup;
			children = (
				3FB2C35E21D67448009C93E3 /* Base */,
			);
			name = LaunchScreen.storyboard;
			sourceTree = "<group>";
		};
/* End PBXVariantGroup section */

/* Begin XCBuildConfiguration section */
		3FB2C36121D67448009C93E3 /* Debug */ = {
			isa = XCBuildConfiguration;
			buildSettings = {
				ALWAYS_SEARCH_USER_PATHS = NO;
				CLANG_ANALYZER_NONNULL = YES;
				CLANG_ANALYZER_NUMBER_OBJECT_CONVERSION = YES_AGGRESSIVE;
				CLANG_CXX_LANGUAGE_STANDARD = "gnu++14";
				CLANG_CXX_LIBRARY = "libc++";
				CLANG_ENABLE_MODULES = YES;
				CLANG_ENABLE_OBJC_ARC = YES;
				CLANG_ENABLE_OBJC_WEAK = YES;
				CLANG_WARN_BLOCK_CAPTURE_AUTORELEASING = YES;
				CLANG_WARN_BOOL_CONVERSION = YES;
				CLANG_WARN_COMMA = YES;
				CLANG_WARN_CONSTANT_CONVERSION = YES;
				CLANG_WARN_DEPRECATED_OBJC_IMPLEMENTATIONS = YES;
				CLANG_WARN_DIRECT_OBJC_ISA_USAGE = YES_ERROR;
				CLANG_WARN_DOCUMENTATION_COMMENTS = YES;
				CLANG_WARN_EMPTY_BODY = YES;
				CLANG_WARN_ENUM_CONVERSION = YES;
				CLANG_WARN_INFINITE_RECURSION = YES;
				CLANG_WARN_INT_CONVERSION = YES;
				CLANG_WARN_NON_LITERAL_NULL_CONVERSION = YES;
				CLANG_WARN_OBJC_IMPLICIT_RETAIN_SELF = YES;
				CLANG_WARN_OBJC_LITERAL_CONVERSION = YES;
				CLANG_WARN_OBJC_ROOT_CLASS = YES_ERROR;
				CLANG_WARN_RANGE_LOOP_ANALYSIS = YES;
				CLANG_WARN_STRICT_PROTOTYPES = YES;
				CLANG_WARN_SUSPICIOUS_MOVE = YES;
				CLANG_WARN_UNGUARDED_AVAILABILITY = YES_AGGRESSIVE;
				CLANG_WARN_UNREACHABLE_CODE = YES;
				CLANG_WARN__DUPLICATE_METHOD_MATCH = YES;
				CODE_SIGN_IDENTITY = "iPhone Developer";
				COPY_PHASE_STRIP = NO;
				DEBUG_INFORMATION_FORMAT = dwarf;
				ENABLE_STRICT_OBJC_MSGSEND = YES;
				ENABLE_TESTABILITY = YES;
				GCC_C_LANGUAGE_STANDARD = gnu11;
				GCC_DYNAMIC_NO_PIC = NO;
				GCC_NO_COMMON_BLOCKS = YES;
				GCC_OPTIMIZATION_LEVEL = 0;
				GCC_PREPROCESSOR_DEFINITIONS = (
					"DEBUG=1",
					"$(inherited)",
				);
				GCC_WARN_64_TO_32_BIT_CONVERSION = YES;
				GCC_WARN_ABOUT_RETURN_TYPE = YES_ERROR;
				GCC_WARN_UNDECLARED_SELECTOR = YES;
				GCC_WARN_UNINITIALIZED_AUTOS = YES_AGGRESSIVE;
				GCC_WARN_UNUSED_FUNCTION = YES;
				GCC_WARN_UNUSED_VARIABLE = YES;
				IPHONEOS_DEPLOYMENT_TARGET = 12.1;
				MTL_ENABLE_DEBUG_INFO = INCLUDE_SOURCE;
				MTL_FAST_MATH = YES;
				ONLY_ACTIVE_ARCH = YES;
				SDKROOT = iphoneos;
				SWIFT_ACTIVE_COMPILATION_CONDITIONS = DEBUG;
				SWIFT_OPTIMIZATION_LEVEL = "-Onone";
			};
			name = Debug;
		};
		3FB2C36221D67448009C93E3 /* Release */ = {
			isa = XCBuildConfiguration;
			buildSettings = {
				ALWAYS_SEARCH_USER_PATHS = NO;
				CLANG_ANALYZER_NONNULL = YES;
				CLANG_ANALYZER_NUMBER_OBJECT_CONVERSION = YES_AGGRESSIVE;
				CLANG_CXX_LANGUAGE_STANDARD = "gnu++14";
				CLANG_CXX_LIBRARY = "libc++";
				CLANG_ENABLE_MODULES = YES;
				CLANG_ENABLE_OBJC_ARC = YES;
				CLANG_ENABLE_OBJC_WEAK = YES;
				CLANG_WARN_BLOCK_CAPTURE_AUTORELEASING = YES;
				CLANG_WARN_BOOL_CONVERSION = YES;
				CLANG_WARN_COMMA = YES;
				CLANG_WARN_CONSTANT_CONVERSION = YES;
				CLANG_WARN_DEPRECATED_OBJC_IMPLEMENTATIONS = YES;
				CLANG_WARN_DIRECT_OBJC_ISA_USAGE = YES_ERROR;
				CLANG_WARN_DOCUMENTATION_COMMENTS = YES;
				CLANG_WARN_EMPTY_BODY = YES;
				CLANG_WARN_ENUM_CONVERSION = YES;
				CLANG_WARN_INFINITE_RECURSION = YES;
				CLANG_WARN_INT_CONVERSION = YES;
				CLANG_WARN_NON_LITERAL_NULL_CONVERSION = YES;
				CLANG_WARN_OBJC_IMPLICIT_RETAIN_SELF = YES;
				CLANG_WARN_OBJC_LITERAL_CONVERSION = YES;
				CLANG_WARN_OBJC_ROOT_CLASS = YES_ERROR;
				CLANG_WARN_RANGE_LOOP_ANALYSIS = YES;
				CLANG_WARN_STRICT_PROTOTYPES = YES;
				CLANG_WARN_SUSPICIOUS_MOVE = YES;
				CLANG_WARN_UNGUARDED_AVAILABILITY = YES_AGGRESSIVE;
				CLANG_WARN_UNREACHABLE_CODE = YES;
				CLANG_WARN__DUPLICATE_METHOD_MATCH = YES;
				CODE_SIGN_IDENTITY = "iPhone Developer";
				COPY_PHASE_STRIP = NO;
				DEBUG_INFORMATION_FORMAT = "dwarf-with-dsym";
				ENABLE_NS_ASSERTIONS = NO;
				ENABLE_STRICT_OBJC_MSGSEND = YES;
				GCC_C_LANGUAGE_STANDARD = gnu11;
				GCC_NO_COMMON_BLOCKS = YES;
				GCC_WARN_64_TO_32_BIT_CONVERSION = YES;
				GCC_WARN_ABOUT_RETURN_TYPE = YES_ERROR;
				GCC_WARN_UNDECLARED_SELECTOR = YES;
				GCC_WARN_UNINITIALIZED_AUTOS = YES_AGGRESSIVE;
				GCC_WARN_UNUSED_FUNCTION = YES;
				GCC_WARN_UNUSED_VARIABLE = YES;
				IPHONEOS_DEPLOYMENT_TARGET = 12.1;
				MTL_ENABLE_DEBUG_INFO = NO;
				MTL_FAST_MATH = YES;
				SDKROOT = iphoneos;
				SWIFT_COMPILATION_MODE = wholemodule;
				SWIFT_OPTIMIZATION_LEVEL = "-O";
				VALIDATE_PRODUCT = YES;
			};
			name = Release;
		};
		3FB2C36421D67448009C93E3 /* Debug */ = {
			isa = XCBuildConfiguration;
			buildSettings = {
				ASSETCATALOG_COMPILER_APPICON_NAME = AppIcon;
				CODE_SIGN_STYLE = Automatic;
				DEVELOPMENT_TEAM = 5GBCJ9FE6T;
				INFOPLIST_FILE = "CoreML-with-ARkit/Info.plist";
				LD_RUNPATH_SEARCH_PATHS = (
					"$(inherited)",
					"@executable_path/Frameworks",
				);
				PRODUCT_BUNDLE_IDENTIFIER = "keyfun.app.CoreML-with-ARkit";
				PRODUCT_NAME = "$(TARGET_NAME)";
				SWIFT_VERSION = 4.2;
				TARGETED_DEVICE_FAMILY = "1,2";
			};
			name = Debug;
		};
		3FB2C36521D67448009C93E3 /* Release */ = {
			isa = XCBuildConfiguration;
			buildSettings = {
				ASSETCATALOG_COMPILER_APPICON_NAME = AppIcon;
				CODE_SIGN_STYLE = Automatic;
				DEVELOPMENT_TEAM = 5GBCJ9FE6T;
				INFOPLIST_FILE = "CoreML-with-ARkit/Info.plist";
				LD_RUNPATH_SEARCH_PATHS = (
					"$(inherited)",
					"@executable_path/Frameworks",
				);
				PRODUCT_BUNDLE_IDENTIFIER = "keyfun.app.CoreML-with-ARkit";
				PRODUCT_NAME = "$(TARGET_NAME)";
				SWIFT_VERSION = 4.2;
				TARGETED_DEVICE_FAMILY = "1,2";
			};
			name = Release;
		};
/* End XCBuildConfiguration section */

/* Begin XCConfigurationList section */
		3FB2C34C21D67447009C93E3 /* Build configuration list for PBXProject "CoreML-with-ARkit" */ = {
			isa = XCConfigurationList;
			buildConfigurations = (
				3FB2C36121D67448009C93E3 /* Debug */,
				3FB2C36221D67448009C93E3 /* Release */,
			);
			defaultConfigurationIsVisible = 0;
			defaultConfigurationName = Release;
		};
		3FB2C36321D67448009C93E3 /* Build configuration list for PBXNativeTarget "CoreML-with-ARkit" */ = {
			isa = XCConfigurationList;
			buildConfigurations = (
				3FB2C36421D67448009C93E3 /* Debug */,
				3FB2C36521D67448009C93E3 /* Release */,
			);
			defaultConfigurationIsVisible = 0;
			defaultConfigurationName = Release;
		};
/* End XCConfigurationList section */
	};
	rootObject = 3FB2C34921D67447009C93E3 /* Project object */;
}
